
Microsoft Visual Studio Solution File, Format Version 12.00
# Visual Studio Version 16
VisualStudioVersion = 16.0.29418.71
MinimumVisualStudioVersion = 10.0.40219.1
Project("{9A19103F-16F7-4668-BE54-9A1E7A4F7556}") = "AspNetCoreApplication", "AspNetCoreApplication.csproj", "{AF9B0899-734A-4A2C-B1B6-2BBEA9E1001F}"
EndProject
Project("{9A19103F-16F7-4668-BE54-9A1E7A4F7556}") = "ServiceSettingsValidations", "..\..\src\ServiceSettingsValidations.csproj", "{0DECD52C-C589-4F1D-96EC-D6D9075AF09C}"
EndProject
Global
	GlobalSection(SolutionConfigurationPlatforms) = preSolution
		Debug|Any CPU = Debug|Any CPU
		Release|Any CPU = Release|Any CPU
	EndGlobalSection
	GlobalSection(ProjectConfigurationPlatforms) = postSolution
		{AF9B0899-734A-4A2C-B1B6-2BBEA9E1001F}.Debug|Any CPU.ActiveCfg = Debug|Any CPU
		{AF9B0899-734A-4A2C-B1B6-2BBEA9E1001F}.Debug|Any CPU.Build.0 = Debug|Any CPU
		{AF9B0899-734A-4A2C-B1B6-2BBEA9E1001F}.Release|Any CPU.ActiveCfg = Release|Any CPU
		{AF9B0899-734A-4A2C-B1B6-2BBEA9E1001F}.Release|Any CPU.Build.0 = Release|Any CPU
		{0DECD52C-C589-4F1D-96EC-D6D9075AF09C}.Debug|Any CPU.ActiveCfg = Debug|Any CPU
		{0DECD52C-C589-4F1D-96EC-D6D9075AF09C}.Debug|Any CPU.Build.0 = Debug|Any CPU
		{0DECD52C-C589-4F1D-96EC-D6D9075AF09C}.Release|Any CPU.ActiveCfg = Release|Any CPU
		{0DECD52C-C589-4F1D-96EC-D6D9075AF09C}.Release|Any CPU.Build.0 = Release|Any CPU
	EndGlobalSection
	GlobalSection(SolutionProperties) = preSolution
		HideSolutionNode = FALSE
	EndGlobalSection
	GlobalSection(ExtensibilityGlobals) = postSolution
		SolutionGuid = {435507BB-68B0-40BC-B2DB-52932914AF72}
	EndGlobalSection
EndGlobal
